
Microsoft Visual Studio Solution File, Format Version 10.00
# Visual Studio 2008
Project("{8BC9CEB8-8B4A-11D0-8D11-00A0C91BC942}") = "UED_simple_NET", "UED_simple_NET.vcproj", "{E9FE6ED0-257C-4E29-B1DD-E07FE1FDC34B}"
	ProjectSection(ProjectDependencies) = postProject
		{F736352B-5C9F-494A-83EE-F56127589522} = {F736352B-5C9F-494A-83EE-F56127589522}
		{12C359FC-F989-4B96-A4AA-60523692C6D1} = {12C359FC-F989-4B96-A4AA-60523692C6D1}
	EndProjectSection
EndProject
Project("{8BC9CEB8-8B4A-11D0-8D11-00A0C91BC942}") = "corn_complete_static", "..\..\..\..\..\..\corn\build\VS\2008\corn_complete_static.vcproj", "{F736352B-5C9F-494A-83EE-F56127589522}"
EndProject
Project("{8BC9CEB8-8B4A-11D0-8D11-00A0C91BC942}") = "UED_static", "..\..\..\..\..\library\build\VS\2008\UED_static\UED_static.vcproj", "{12C359FC-F989-4B96-A4AA-60523692C6D1}"
	ProjectSection(ProjectDependencies) = postProject
		{F736352B-5C9F-494A-83EE-F56127589522} = {F736352B-5C9F-494A-83EE-F56127589522}
	EndProjectSection
EndProject
Global
	GlobalSection(SolutionConfigurationPlatforms) = preSolution
		Debug|Win32 = Debug|Win32
		Release|Win32 = Release|Win32
	EndGlobalSection
	GlobalSection(ProjectConfigurationPlatforms) = postSolution
		{E9FE6ED0-257C-4E29-B1DD-E07FE1FDC34B}.Debug|Win32.ActiveCfg = Debug|Win32
		{E9FE6ED0-257C-4E29-B1DD-E07FE1FDC34B}.Debug|Win32.Build.0 = Debug|Win32
		{E9FE6ED0-257C-4E29-B1DD-E07FE1FDC34B}.Release|Win32.ActiveCfg = Release|Win32
		{E9FE6ED0-257C-4E29-B1DD-E07FE1FDC34B}.Release|Win32.Build.0 = Release|Win32
		{F736352B-5C9F-494A-83EE-F56127589522}.Debug|Win32.ActiveCfg = Debug|Win32
		{F736352B-5C9F-494A-83EE-F56127589522}.Debug|Win32.Build.0 = Debug|Win32
		{F736352B-5C9F-494A-83EE-F56127589522}.Release|Win32.ActiveCfg = Release|Win32
		{F736352B-5C9F-494A-83EE-F56127589522}.Release|Win32.Build.0 = Release|Win32
		{12C359FC-F989-4B96-A4AA-60523692C6D1}.Debug|Win32.ActiveCfg = Debug|Win32
		{12C359FC-F989-4B96-A4AA-60523692C6D1}.Debug|Win32.Build.0 = Debug|Win32
		{12C359FC-F989-4B96-A4AA-60523692C6D1}.Release|Win32.ActiveCfg = Release|Win32
		{12C359FC-F989-4B96-A4AA-60523692C6D1}.Release|Win32.Build.0 = Release|Win32
	EndGlobalSection
	GlobalSection(SolutionProperties) = preSolution
		HideSolutionNode = FALSE
	EndGlobalSection
EndGlobal
